// !$*UTF8*$!
{
	archiveVersion = 1;
	classes = {
	};
	objectVersion = 45;
	objects = {

/* Begin PBXBuildFile section */
		1D60589B0D05DD56006BFB54 /* main.m in Sources */ = {isa = PBXBuildFile; fileRef = 29B97316FDCFA39411CA2CEA /* main.m */; };
		1D60589F0D05DD5A006BFB54 /* Foundation.framework in Frameworks */ = {isa = PBXBuildFile; fileRef = 1D30AB110D05D00D00671497 /* Foundation.framework */; };
		1DF5F4E00D08C38300B7A737 /* UIKit.framework in Frameworks */ = {isa = PBXBuildFile; fileRef = 1DF5F4DF0D08C38300B7A737 /* UIKit.framework */; };
		28860BE50F44EE6400985440 /* CoreData.framework in Frameworks */ = {isa = PBXBuildFile; fileRef = 28860BE40F44EE6400985440 /* CoreData.framework */; };
		2892E4100DC94CBA00A64D0F /* CoreGraphics.framework in Frameworks */ = {isa = PBXBuildFile; fileRef = 2892E40F0DC94CBA00A64D0F /* CoreGraphics.framework */; };
		9218015A11E4C4FD00EDF3D8 /* MainWindow.xib in Resources */ = {isa = PBXBuildFile; fileRef = 9218015911E4C4FD00EDF3D8 /* MainWindow.xib */; };
		9218018311E4C62F00EDF3D8 /* RTMAPI.m in Sources */ = {isa = PBXBuildFile; fileRef = 9218018211E4C62F00EDF3D8 /* RTMAPI.m */; };
		9218019D11E4C6DE00EDF3D8 /* MPHelper.m in Sources */ = {isa = PBXBuildFile; fileRef = 9218019A11E4C6DE00EDF3D8 /* MPHelper.m */; };
		921801A411E4C78500EDF3D8 /* MainWindow.xib in Resources */ = {isa = PBXBuildFile; fileRef = 9218015911E4C4FD00EDF3D8 /* MainWindow.xib */; };
		921801A611E4C78500EDF3D8 /* main.m in Sources */ = {isa = PBXBuildFile; fileRef = 29B97316FDCFA39411CA2CEA /* main.m */; };
		921801A811E4C78500EDF3D8 /* RTMAPI.m in Sources */ = {isa = PBXBuildFile; fileRef = 9218018211E4C62F00EDF3D8 /* RTMAPI.m */; };
		921801A911E4C78500EDF3D8 /* MPHelper.m in Sources */ = {isa = PBXBuildFile; fileRef = 9218019A11E4C6DE00EDF3D8 /* MPHelper.m */; };
		921801AB11E4C78500EDF3D8 /* Foundation.framework in Frameworks */ = {isa = PBXBuildFile; fileRef = 1D30AB110D05D00D00671497 /* Foundation.framework */; };
		921801AC11E4C78500EDF3D8 /* UIKit.framework in Frameworks */ = {isa = PBXBuildFile; fileRef = 1DF5F4DF0D08C38300B7A737 /* UIKit.framework */; };
		921801AD11E4C78500EDF3D8 /* CoreGraphics.framework in Frameworks */ = {isa = PBXBuildFile; fileRef = 2892E40F0DC94CBA00A64D0F /* CoreGraphics.framework */; };
		921801AE11E4C78500EDF3D8 /* CoreData.framework in Frameworks */ = {isa = PBXBuildFile; fileRef = 28860BE40F44EE6400985440 /* CoreData.framework */; };
		921801BC11E4C7E400EDF3D8 /* Security.framework in Frameworks */ = {isa = PBXBuildFile; fileRef = 921801BB11E4C7E400EDF3D8 /* Security.framework */; };
		921801CF11E4C7FA00EDF3D8 /* RTMAPI+Auth.m in Sources */ = {isa = PBXBuildFile; fileRef = 921801C211E4C7FA00EDF3D8 /* RTMAPI+Auth.m */; };
		921801D011E4C7FA00EDF3D8 /* RTMAPI+List.m in Sources */ = {isa = PBXBuildFile; fileRef = 921801C411E4C7FA00EDF3D8 /* RTMAPI+List.m */; };
		921801D111E4C7FA00EDF3D8 /* RTMAPI+Location.m in Sources */ = {isa = PBXBuildFile; fileRef = 921801C611E4C7FA00EDF3D8 /* RTMAPI+Location.m */; };
		921801D211E4C7FA00EDF3D8 /* RTMAPI+Note.m in Sources */ = {isa = PBXBuildFile; fileRef = 921801C811E4C7FA00EDF3D8 /* RTMAPI+Note.m */; };
		921801D311E4C7FA00EDF3D8 /* RTMAPI+Task.m in Sources */ = {isa = PBXBuildFile; fileRef = 921801CA11E4C7FA00EDF3D8 /* RTMAPI+Task.m */; };
		921801D411E4C7FA00EDF3D8 /* RTMAPI+Timeline.m in Sources */ = {isa = PBXBuildFile; fileRef = 921801CC11E4C7FA00EDF3D8 /* RTMAPI+Timeline.m */; };
		921801D511E4C7FA00EDF3D8 /* RTMAPIParserDelegate.m in Sources */ = {isa = PBXBuildFile; fileRef = 921801CE11E4C7FA00EDF3D8 /* RTMAPIParserDelegate.m */; };
		921801D611E4C7FD00EDF3D8 /* RTMAPI+Location.m in Sources */ = {isa = PBXBuildFile; fileRef = 921801C611E4C7FA00EDF3D8 /* RTMAPI+Location.m */; };
		921801D711E4C7FD00EDF3D8 /* RTMAPI+List.m in Sources */ = {isa = PBXBuildFile; fileRef = 921801C411E4C7FA00EDF3D8 /* RTMAPI+List.m */; };
		921801D811E4C7FE00EDF3D8 /* RTMAPI+Auth.m in Sources */ = {isa = PBXBuildFile; fileRef = 921801C211E4C7FA00EDF3D8 /* RTMAPI+Auth.m */; };
		921801D911E4C80000EDF3D8 /* RTMAPI+Note.m in Sources */ = {isa = PBXBuildFile; fileRef = 921801C811E4C7FA00EDF3D8 /* RTMAPI+Note.m */; };
		921801DA11E4C80000EDF3D8 /* RTMAPI+Task.m in Sources */ = {isa = PBXBuildFile; fileRef = 921801CA11E4C7FA00EDF3D8 /* RTMAPI+Task.m */; };
		921801DB11E4C80100EDF3D8 /* RTMAPI+Timeline.m in Sources */ = {isa = PBXBuildFile; fileRef = 921801CC11E4C7FA00EDF3D8 /* RTMAPI+Timeline.m */; };
		921801DC11E4C80200EDF3D8 /* RTMAPIParserDelegate.m in Sources */ = {isa = PBXBuildFile; fileRef = 921801CE11E4C7FA00EDF3D8 /* RTMAPIParserDelegate.m */; };
		92CC0C2511E53170001EA183 /* MPListMediator.m in Sources */ = {isa = PBXBuildFile; fileRef = 92CC0C1E11E53170001EA183 /* MPListMediator.m */; };
		92CC0C2611E53170001EA183 /* MPMediator.m in Sources */ = {isa = PBXBuildFile; fileRef = 92CC0C2011E53170001EA183 /* MPMediator.m */; };
		92CC0C2711E53170001EA183 /* MPTask.m in Sources */ = {isa = PBXBuildFile; fileRef = 92CC0C2211E53170001EA183 /* MPTask.m */; };
		92CC0C2811E53170001EA183 /* MPTaskMediator.m in Sources */ = {isa = PBXBuildFile; fileRef = 92CC0C2411E53170001EA183 /* MPTaskMediator.m */; };
		92CC0C2911E53170001EA183 /* MPListMediator.m in Sources */ = {isa = PBXBuildFile; fileRef = 92CC0C1E11E53170001EA183 /* MPListMediator.m */; };
		92CC0C2A11E53170001EA183 /* MPMediator.m in Sources */ = {isa = PBXBuildFile; fileRef = 92CC0C2011E53170001EA183 /* MPMediator.m */; };
		92CC0C2B11E53170001EA183 /* MPTask.m in Sources */ = {isa = PBXBuildFile; fileRef = 92CC0C2211E53170001EA183 /* MPTask.m */; };
		92CC0C2C11E53170001EA183 /* MPTaskMediator.m in Sources */ = {isa = PBXBuildFile; fileRef = 92CC0C2411E53170001EA183 /* MPTaskMediator.m */; };
		92CC0C3A11E53199001EA183 /* SystemConfiguration.framework in Frameworks */ = {isa = PBXBuildFile; fileRef = 92CC0C3911E53199001EA183 /* SystemConfiguration.framework */; };
		92CC0C4C11E5321B001EA183 /* MPAddTaskView.xib in Resources */ = {isa = PBXBuildFile; fileRef = 92CC0C4311E5321B001EA183 /* MPAddTaskView.xib */; };
		92CC0C4D11E5321B001EA183 /* MPAddTaskViewController.m in Sources */ = {isa = PBXBuildFile; fileRef = 92CC0C4511E5321B001EA183 /* MPAddTaskViewController.m */; };
		92CC0C4E11E5321B001EA183 /* MPListViewController.m in Sources */ = {isa = PBXBuildFile; fileRef = 92CC0C4711E5321B001EA183 /* MPListViewController.m */; };
		92CC0C4F11E5321B001EA183 /* MPTaskListViewController.m in Sources */ = {isa = PBXBuildFile; fileRef = 92CC0C4911E5321B001EA183 /* MPTaskListViewController.m */; };
		92CC0C5011E5321B001EA183 /* MPTaskViewController.m in Sources */ = {isa = PBXBuildFile; fileRef = 92CC0C4B11E5321B001EA183 /* MPTaskViewController.m */; };
		92CC0C5111E5321B001EA183 /* MPAddTaskView.xib in Resources */ = {isa = PBXBuildFile; fileRef = 92CC0C4311E5321B001EA183 /* MPAddTaskView.xib */; };
		92CC0C5211E5321B001EA183 /* MPAddTaskViewController.m in Sources */ = {isa = PBXBuildFile; fileRef = 92CC0C4511E5321B001EA183 /* MPAddTaskViewController.m */; };
		92CC0C5311E5321B001EA183 /* MPListViewController.m in Sources */ = {isa = PBXBuildFile; fileRef = 92CC0C4711E5321B001EA183 /* MPListViewController.m */; };
		92CC0C5411E5321B001EA183 /* MPTaskListViewController.m in Sources */ = {isa = PBXBuildFile; fileRef = 92CC0C4911E5321B001EA183 /* MPTaskListViewController.m */; };
		92CC0C5511E5321B001EA183 /* MPTaskViewController.m in Sources */ = {isa = PBXBuildFile; fileRef = 92CC0C4B11E5321B001EA183 /* MPTaskViewController.m */; };
		92CC0C5A11E5323E001EA183 /* MPAppDelegate.m in Sources */ = {isa = PBXBuildFile; fileRef = 92CC0C5911E5323E001EA183 /* MPAppDelegate.m */; };
		92CC0C5B11E5323E001EA183 /* MPAppDelegate.m in Sources */ = {isa = PBXBuildFile; fileRef = 92CC0C5911E5323E001EA183 /* MPAppDelegate.m */; };
		92CC0CA411E5344B001EA183 /* MilponBetaIconSmall.png in Resources */ = {isa = PBXBuildFile; fileRef = 92CC0CA311E5344B001EA183 /* MilponBetaIconSmall.png */; };
		92CC0CE311E535B6001EA183 /* CoreData.framework in Frameworks */ = {isa = PBXBuildFile; fileRef = 28860BE40F44EE6400985440 /* CoreData.framework */; };
		92CC0CE611E535C6001EA183 /* RTMAPI.m in Sources */ = {isa = PBXBuildFile; fileRef = 9218018211E4C62F00EDF3D8 /* RTMAPI.m */; };
		92CC0CEA11E535D5001EA183 /* MPListMediator.m in Sources */ = {isa = PBXBuildFile; fileRef = 92CC0C1E11E53170001EA183 /* MPListMediator.m */; };
		92CC0CEB11E535D6001EA183 /* MPMediator.m in Sources */ = {isa = PBXBuildFile; fileRef = 92CC0C2011E53170001EA183 /* MPMediator.m */; };
		92CC0CEE11E535F5001EA183 /* RTMAPI+Auth.m in Sources */ = {isa = PBXBuildFile; fileRef = 921801C211E4C7FA00EDF3D8 /* RTMAPI+Auth.m */; };
		92CC0CEF11E535F8001EA183 /* RTMAPI+List.m in Sources */ = {isa = PBXBuildFile; fileRef = 921801C411E4C7FA00EDF3D8 /* RTMAPI+List.m */; };
		92CC0CF011E535FB001EA183 /* RTMAPI+Timeline.m in Sources */ = {isa = PBXBuildFile; fileRef = 921801CC11E4C7FA00EDF3D8 /* RTMAPI+Timeline.m */; };
		92CC0CF311E53604001EA183 /* RTMAPIParserDelegate.m in Sources */ = {isa = PBXBuildFile; fileRef = 921801CE11E4C7FA00EDF3D8 /* RTMAPIParserDelegate.m */; };
		92CC0D3F11E5399E001EA183 /* Reachability.m in Sources */ = {isa = PBXBuildFile; fileRef = 92CC0D2211E5399E001EA183 /* Reachability.m */; };
		92CC0D4011E5399E001EA183 /* README.txt in Resources */ = {isa = PBXBuildFile; fileRef = 92CC0D2311E5399E001EA183 /* README.txt */; };
		92CC0D6811E539E3001EA183 /* Localizable.strings in Resources */ = {isa = PBXBuildFile; fileRef = 92CC0D6711E539E3001EA183 /* Localizable.strings */; };
		92CC0D6911E539E3001EA183 /* Localizable.strings in Resources */ = {isa = PBXBuildFile; fileRef = 92CC0D6711E539E3001EA183 /* Localizable.strings */; };
		92CC0D6B11E53A19001EA183 /* IconSmall.png in Resources */ = {isa = PBXBuildFile; fileRef = 92CC0D6A11E53A19001EA183 /* IconSmall.png */; };
		92CC0D6D11E53A2E001EA183 /* Default.png in Resources */ = {isa = PBXBuildFile; fileRef = 92CC0D6C11E53A2E001EA183 /* Default.png */; };
		92CC0D6E11E53A2E001EA183 /* Default.png in Resources */ = {isa = PBXBuildFile; fileRef = 92CC0D6C11E53A2E001EA183 /* Default.png */; };
		92CC0D7D11E53A63001EA183 /* Settings.bundle in Resources */ = {isa = PBXBuildFile; fileRef = 92CC0D7C11E53A63001EA183 /* Settings.bundle */; };
		92CC0D7E11E53A63001EA183 /* Settings.bundle in Resources */ = {isa = PBXBuildFile; fileRef = 92CC0D7C11E53A63001EA183 /* Settings.bundle */; };
		92CC0DA011E53B34001EA183 /* MPHelper.m in Sources */ = {isa = PBXBuildFile; fileRef = 9218019A11E4C6DE00EDF3D8 /* MPHelper.m */; };
		92CC0DB511E53BC3001EA183 /* RTMAPI+Task.m in Sources */ = {isa = PBXBuildFile; fileRef = 921801CA11E4C7FA00EDF3D8 /* RTMAPI+Task.m */; };
		92CC0DB611E53BC6001EA183 /* RTMAPI+Note.m in Sources */ = {isa = PBXBuildFile; fileRef = 921801C811E4C7FA00EDF3D8 /* RTMAPI+Note.m */; };
		92F3802E11E6C29A0014A873 /* MPListMediatorTest.m in Sources */ = {isa = PBXBuildFile; fileRef = 92CC0CC811E53534001EA183 /* MPListMediatorTest.m */; };
		92F3809911E6C4BB0014A873 /* Milpon.xcdatamodeld in Sources */ = {isa = PBXBuildFile; fileRef = 92F3809711E6C4BB0014A873 /* Milpon.xcdatamodeld */; };
		92F3809A11E6C4BB0014A873 /* Milpon.xcdatamodeld in Sources */ = {isa = PBXBuildFile; fileRef = 92F3809711E6C4BB0014A873 /* Milpon.xcdatamodeld */; };
		92F3809B11E6C4BB0014A873 /* Milpon.xcdatamodeld in Sources */ = {isa = PBXBuildFile; fileRef = 92F3809711E6C4BB0014A873 /* Milpon.xcdatamodeld */; };
/* End PBXBuildFile section */

/* Begin PBXFileReference section */
		1D30AB110D05D00D00671497 /* Foundation.framework */ = {isa = PBXFileReference; lastKnownFileType = wrapper.framework; name = Foundation.framework; path = System/Library/Frameworks/Foundation.framework; sourceTree = SDKROOT; };
		1D6058910D05DD3D006BFB54 /* Milpon.app */ = {isa = PBXFileReference; explicitFileType = wrapper.application; includeInIndex = 0; path = Milpon.app; sourceTree = BUILT_PRODUCTS_DIR; };
		1DF5F4DF0D08C38300B7A737 /* UIKit.framework */ = {isa = PBXFileReference; lastKnownFileType = wrapper.framework; name = UIKit.framework; path = System/Library/Frameworks/UIKit.framework; sourceTree = SDKROOT; };
		28860BE40F44EE6400985440 /* CoreData.framework */ = {isa = PBXFileReference; lastKnownFileType = wrapper.framework; name = CoreData.framework; path = System/Library/Frameworks/CoreData.framework; sourceTree = SDKROOT; };
		2892E40F0DC94CBA00A64D0F /* CoreGraphics.framework */ = {isa = PBXFileReference; lastKnownFileType = wrapper.framework; name = CoreGraphics.framework; path = System/Library/Frameworks/CoreGraphics.framework; sourceTree = SDKROOT; };
		28A0AAE50D9B0CCF005BE974 /* Milpon_Prefix.pch */ = {isa = PBXFileReference; fileEncoding = 4; lastKnownFileType = sourcecode.c.h; name = Milpon_Prefix.pch; path = others/Milpon_Prefix.pch; sourceTree = "<group>"; };
		29B97316FDCFA39411CA2CEA /* main.m */ = {isa = PBXFileReference; fileEncoding = 4; lastKnownFileType = sourcecode.c.objc; name = main.m; path = others/main.m; sourceTree = "<group>"; };
		9218015911E4C4FD00EDF3D8 /* MainWindow.xib */ = {isa = PBXFileReference; lastKnownFileType = file.xib; name = MainWindow.xib; path = ui/MainWindow.xib; sourceTree = "<group>"; };
		9218015B11E4C58700EDF3D8 /* Milpon-Info.plist */ = {isa = PBXFileReference; fileEncoding = 4; lastKnownFileType = text.plist.xml; name = "Milpon-Info.plist"; path = "others/Milpon-Info.plist"; sourceTree = "<group>"; };
		9218018111E4C62F00EDF3D8 /* RTMAPI.h */ = {isa = PBXFileReference; fileEncoding = 4; lastKnownFileType = sourcecode.c.h; name = RTMAPI.h; path = api/RTMAPI.h; sourceTree = "<group>"; };
		9218018211E4C62F00EDF3D8 /* RTMAPI.m */ = {isa = PBXFileReference; fileEncoding = 4; lastKnownFileType = sourcecode.c.objc; name = RTMAPI.m; path = api/RTMAPI.m; sourceTree = "<group>"; };
		9218019711E4C6DE00EDF3D8 /* Milpon.h */ = {isa = PBXFileReference; fileEncoding = 4; lastKnownFileType = sourcecode.c.h; name = Milpon.h; path = others/Milpon.h; sourceTree = "<group>"; };
		9218019811E4C6DE00EDF3D8 /* MPError.h */ = {isa = PBXFileReference; fileEncoding = 4; lastKnownFileType = sourcecode.c.h; name = MPError.h; path = others/MPError.h; sourceTree = "<group>"; };
		9218019911E4C6DE00EDF3D8 /* MPHelper.h */ = {isa = PBXFileReference; fileEncoding = 4; lastKnownFileType = sourcecode.c.h; name = MPHelper.h; path = others/MPHelper.h; sourceTree = "<group>"; };
		9218019A11E4C6DE00EDF3D8 /* MPHelper.m */ = {isa = PBXFileReference; fileEncoding = 4; lastKnownFileType = sourcecode.c.objc; name = MPHelper.m; path = others/MPHelper.m; sourceTree = "<group>"; };
		9218019B11E4C6DE00EDF3D8 /* MPLogger.h */ = {isa = PBXFileReference; fileEncoding = 4; lastKnownFileType = sourcecode.c.h; name = MPLogger.h; path = others/MPLogger.h; sourceTree = "<group>"; };
		9218019C11E4C6DE00EDF3D8 /* PrivateInfo.h */ = {isa = PBXFileReference; fileEncoding = 4; lastKnownFileType = sourcecode.c.h; name = PrivateInfo.h; path = others/PrivateInfo.h; sourceTree = "<group>"; };
		921801B211E4C78500EDF3D8 /* Milpon Beta.app */ = {isa = PBXFileReference; explicitFileType = wrapper.application; includeInIndex = 0; path = "Milpon Beta.app"; sourceTree = BUILT_PRODUCTS_DIR; };
		921801B511E4C7A100EDF3D8 /* Milpon-Beta.plist */ = {isa = PBXFileReference; fileEncoding = 4; lastKnownFileType = text.plist.xml; name = "Milpon-Beta.plist"; path = "others/Milpon-Beta.plist"; sourceTree = "<group>"; };
		921801BB11E4C7E400EDF3D8 /* Security.framework */ = {isa = PBXFileReference; lastKnownFileType = wrapper.framework; name = Security.framework; path = System/Library/Frameworks/Security.framework; sourceTree = SDKROOT; };
		921801C111E4C7FA00EDF3D8 /* RTMAPI+Auth.h */ = {isa = PBXFileReference; fileEncoding = 4; lastKnownFileType = sourcecode.c.h; name = "RTMAPI+Auth.h"; path = "api/RTMAPI+Auth.h"; sourceTree = "<group>"; };
		921801C211E4C7FA00EDF3D8 /* RTMAPI+Auth.m */ = {isa = PBXFileReference; fileEncoding = 4; lastKnownFileType = sourcecode.c.objc; name = "RTMAPI+Auth.m"; path = "api/RTMAPI+Auth.m"; sourceTree = "<group>"; };
		921801C311E4C7FA00EDF3D8 /* RTMAPI+List.h */ = {isa = PBXFileReference; fileEncoding = 4; lastKnownFileType = sourcecode.c.h; name = "RTMAPI+List.h"; path = "api/RTMAPI+List.h"; sourceTree = "<group>"; };
		921801C411E4C7FA00EDF3D8 /* RTMAPI+List.m */ = {isa = PBXFileReference; fileEncoding = 4; lastKnownFileType = sourcecode.c.objc; name = "RTMAPI+List.m"; path = "api/RTMAPI+List.m"; sourceTree = "<group>"; };
		921801C511E4C7FA00EDF3D8 /* RTMAPI+Location.h */ = {isa = PBXFileReference; fileEncoding = 4; lastKnownFileType = sourcecode.c.h; name = "RTMAPI+Location.h"; path = "api/RTMAPI+Location.h"; sourceTree = "<group>"; };
		921801C611E4C7FA00EDF3D8 /* RTMAPI+Location.m */ = {isa = PBXFileReference; fileEncoding = 4; lastKnownFileType = sourcecode.c.objc; name = "RTMAPI+Location.m"; path = "api/RTMAPI+Location.m"; sourceTree = "<group>"; };
		921801C711E4C7FA00EDF3D8 /* RTMAPI+Note.h */ = {isa = PBXFileReference; fileEncoding = 4; lastKnownFileType = sourcecode.c.h; name = "RTMAPI+Note.h"; path = "api/RTMAPI+Note.h"; sourceTree = "<group>"; };
		921801C811E4C7FA00EDF3D8 /* RTMAPI+Note.m */ = {isa = PBXFileReference; fileEncoding = 4; lastKnownFileType = sourcecode.c.objc; name = "RTMAPI+Note.m"; path = "api/RTMAPI+Note.m"; sourceTree = "<group>"; };
		921801C911E4C7FA00EDF3D8 /* RTMAPI+Task.h */ = {isa = PBXFileReference; fileEncoding = 4; lastKnownFileType = sourcecode.c.h; name = "RTMAPI+Task.h"; path = "api/RTMAPI+Task.h"; sourceTree = "<group>"; };
		921801CA11E4C7FA00EDF3D8 /* RTMAPI+Task.m */ = {isa = PBXFileReference; fileEncoding = 4; lastKnownFileType = sourcecode.c.objc; name = "RTMAPI+Task.m"; path = "api/RTMAPI+Task.m"; sourceTree = "<group>"; };
		921801CB11E4C7FA00EDF3D8 /* RTMAPI+Timeline.h */ = {isa = PBXFileReference; fileEncoding = 4; lastKnownFileType = sourcecode.c.h; name = "RTMAPI+Timeline.h"; path = "api/RTMAPI+Timeline.h"; sourceTree = "<group>"; };
		921801CC11E4C7FA00EDF3D8 /* RTMAPI+Timeline.m */ = {isa = PBXFileReference; fileEncoding = 4; lastKnownFileType = sourcecode.c.objc; name = "RTMAPI+Timeline.m"; path = "api/RTMAPI+Timeline.m"; sourceTree = "<group>"; };
		921801CD11E4C7FA00EDF3D8 /* RTMAPIParserDelegate.h */ = {isa = PBXFileReference; fileEncoding = 4; lastKnownFileType = sourcecode.c.h; name = RTMAPIParserDelegate.h; path = api/RTMAPIParserDelegate.h; sourceTree = "<group>"; };
		921801CE11E4C7FA00EDF3D8 /* RTMAPIParserDelegate.m */ = {isa = PBXFileReference; fileEncoding = 4; lastKnownFileType = sourcecode.c.objc; name = RTMAPIParserDelegate.m; path = api/RTMAPIParserDelegate.m; sourceTree = "<group>"; };
		92CC0C1D11E53170001EA183 /* MPListMediator.h */ = {isa = PBXFileReference; fileEncoding = 4; lastKnownFileType = sourcecode.c.h; name = MPListMediator.h; path = model/MPListMediator.h; sourceTree = "<group>"; };
		92CC0C1E11E53170001EA183 /* MPListMediator.m */ = {isa = PBXFileReference; fileEncoding = 4; lastKnownFileType = sourcecode.c.objc; name = MPListMediator.m; path = model/MPListMediator.m; sourceTree = "<group>"; };
		92CC0C1F11E53170001EA183 /* MPMediator.h */ = {isa = PBXFileReference; fileEncoding = 4; lastKnownFileType = sourcecode.c.h; name = MPMediator.h; path = model/MPMediator.h; sourceTree = "<group>"; };
		92CC0C2011E53170001EA183 /* MPMediator.m */ = {isa = PBXFileReference; fileEncoding = 4; lastKnownFileType = sourcecode.c.objc; name = MPMediator.m; path = model/MPMediator.m; sourceTree = "<group>"; };
		92CC0C2111E53170001EA183 /* MPTask.h */ = {isa = PBXFileReference; fileEncoding = 4; lastKnownFileType = sourcecode.c.h; name = MPTask.h; path = model/MPTask.h; sourceTree = "<group>"; };
		92CC0C2211E53170001EA183 /* MPTask.m */ = {isa = PBXFileReference; fileEncoding = 4; lastKnownFileType = sourcecode.c.objc; name = MPTask.m; path = model/MPTask.m; sourceTree = "<group>"; };
		92CC0C2311E53170001EA183 /* MPTaskMediator.h */ = {isa = PBXFileReference; fileEncoding = 4; lastKnownFileType = sourcecode.c.h; name = MPTaskMediator.h; path = model/MPTaskMediator.h; sourceTree = "<group>"; };
		92CC0C2411E53170001EA183 /* MPTaskMediator.m */ = {isa = PBXFileReference; fileEncoding = 4; lastKnownFileType = sourcecode.c.objc; name = MPTaskMediator.m; path = model/MPTaskMediator.m; sourceTree = "<group>"; };
		92CC0C3911E53199001EA183 /* SystemConfiguration.framework */ = {isa = PBXFileReference; lastKnownFileType = wrapper.framework; name = SystemConfiguration.framework; path = System/Library/Frameworks/SystemConfiguration.framework; sourceTree = SDKROOT; };
		92CC0C4311E5321B001EA183 /* MPAddTaskView.xib */ = {isa = PBXFileReference; lastKnownFileType = file.xib; name = MPAddTaskView.xib; path = ui/MPAddTaskView.xib; sourceTree = "<group>"; };
		92CC0C4411E5321B001EA183 /* MPAddTaskViewController.h */ = {isa = PBXFileReference; fileEncoding = 4; lastKnownFileType = sourcecode.c.h; name = MPAddTaskViewController.h; path = ui/MPAddTaskViewController.h; sourceTree = "<group>"; };
		92CC0C4511E5321B001EA183 /* MPAddTaskViewController.m */ = {isa = PBXFileReference; fileEncoding = 4; lastKnownFileType = sourcecode.c.objc; name = MPAddTaskViewController.m; path = ui/MPAddTaskViewController.m; sourceTree = "<group>"; };
		92CC0C4611E5321B001EA183 /* MPListViewController.h */ = {isa = PBXFileReference; fileEncoding = 4; lastKnownFileType = sourcecode.c.h; name = MPListViewController.h; path = ui/MPListViewController.h; sourceTree = "<group>"; };
		92CC0C4711E5321B001EA183 /* MPListViewController.m */ = {isa = PBXFileReference; fileEncoding = 4; lastKnownFileType = sourcecode.c.objc; name = MPListViewController.m; path = ui/MPListViewController.m; sourceTree = "<group>"; };
		92CC0C4811E5321B001EA183 /* MPTaskListViewController.h */ = {isa = PBXFileReference; fileEncoding = 4; lastKnownFileType = sourcecode.c.h; name = MPTaskListViewController.h; path = ui/MPTaskListViewController.h; sourceTree = "<group>"; };
		92CC0C4911E5321B001EA183 /* MPTaskListViewController.m */ = {isa = PBXFileReference; fileEncoding = 4; lastKnownFileType = sourcecode.c.objc; name = MPTaskListViewController.m; path = ui/MPTaskListViewController.m; sourceTree = "<group>"; };
		92CC0C4A11E5321B001EA183 /* MPTaskViewController.h */ = {isa = PBXFileReference; fileEncoding = 4; lastKnownFileType = sourcecode.c.h; name = MPTaskViewController.h; path = ui/MPTaskViewController.h; sourceTree = "<group>"; };
		92CC0C4B11E5321B001EA183 /* MPTaskViewController.m */ = {isa = PBXFileReference; fileEncoding = 4; lastKnownFileType = sourcecode.c.objc; name = MPTaskViewController.m; path = ui/MPTaskViewController.m; sourceTree = "<group>"; };
		92CC0C5811E5323E001EA183 /* MPAppDelegate.h */ = {isa = PBXFileReference; fileEncoding = 4; lastKnownFileType = sourcecode.c.h; name = MPAppDelegate.h; path = ui/MPAppDelegate.h; sourceTree = "<group>"; };
		92CC0C5911E5323E001EA183 /* MPAppDelegate.m */ = {isa = PBXFileReference; fileEncoding = 4; lastKnownFileType = sourcecode.c.objc; name = MPAppDelegate.m; path = ui/MPAppDelegate.m; sourceTree = "<group>"; };
		92CC0CA311E5344B001EA183 /* MilponBetaIconSmall.png */ = {isa = PBXFileReference; lastKnownFileType = image.png; name = MilponBetaIconSmall.png; path = resource/MilponBetaIconSmall.png; sourceTree = "<group>"; };
		92CC0CC811E53534001EA183 /* MPListMediatorTest.m */ = {isa = PBXFileReference; fileEncoding = 4; lastKnownFileType = sourcecode.c.objc; name = MPListMediatorTest.m; path = test/MPListMediatorTest.m; sourceTree = "<group>"; };
		92CC0CC911E53534001EA183 /* MPListTest.m */ = {isa = PBXFileReference; fileEncoding = 4; lastKnownFileType = sourcecode.c.objc; name = MPListTest.m; path = test/MPListTest.m; sourceTree = "<group>"; };
		92CC0CCA11E53534001EA183 /* MPTaskMediatorTest.m */ = {isa = PBXFileReference; fileEncoding = 4; lastKnownFileType = sourcecode.c.objc; name = MPTaskMediatorTest.m; path = test/MPTaskMediatorTest.m; sourceTree = "<group>"; };
		92CC0CD311E53558001EA183 /* UnitTest.octest */ = {isa = PBXFileReference; explicitFileType = wrapper.cfbundle; includeInIndex = 0; path = UnitTest.octest; sourceTree = BUILT_PRODUCTS_DIR; };
		92CC0CD411E53558001EA183 /* UnitTest-Info.plist */ = {isa = PBXFileReference; lastKnownFileType = text.plist.xml; name = "UnitTest-Info.plist"; path = "others/UnitTest-Info.plist"; sourceTree = "<group>"; };
		92CC0D2111E5399E001EA183 /* Reachability.h */ = {isa = PBXFileReference; fileEncoding = 4; lastKnownFileType = sourcecode.c.h; path = Reachability.h; sourceTree = "<group>"; };
		92CC0D2211E5399E001EA183 /* Reachability.m */ = {isa = PBXFileReference; fileEncoding = 4; lastKnownFileType = sourcecode.c.objc; path = Reachability.m; sourceTree = "<group>"; };
		92CC0D2311E5399E001EA183 /* README.txt */ = {isa = PBXFileReference; fileEncoding = 4; lastKnownFileType = text; path = README.txt; sourceTree = "<group>"; };
		92CC0D6711E539E3001EA183 /* Localizable.strings */ = {isa = PBXFileReference; fileEncoding = 4; lastKnownFileType = text.plist.strings; name = Localizable.strings; path = resource/Localizable.strings; sourceTree = "<group>"; };
		92CC0D6A11E53A19001EA183 /* IconSmall.png */ = {isa = PBXFileReference; lastKnownFileType = image.png; name = IconSmall.png; path = resource/IconSmall.png; sourceTree = "<group>"; };
		92CC0D6C11E53A2E001EA183 /* Default.png */ = {isa = PBXFileReference; lastKnownFileType = image.png; path = Default.png; sourceTree = "<group>"; };
		92CC0D7C11E53A63001EA183 /* Settings.bundle */ = {isa = PBXFileReference; lastKnownFileType = "wrapper.plug-in"; name = Settings.bundle; path = resource/Settings.bundle; sourceTree = "<group>"; };
		92CC0D9811E53AF8001EA183 /* RTMAPIListTest.m */ = {isa = PBXFileReference; fileEncoding = 4; lastKnownFileType = sourcecode.c.objc; name = RTMAPIListTest.m; path = test/RTMAPIListTest.m; sourceTree = "<group>"; };
		92CC0D9911E53AF8001EA183 /* RTMAPINoteTest.m */ = {isa = PBXFileReference; fileEncoding = 4; lastKnownFileType = sourcecode.c.objc; name = RTMAPINoteTest.m; path = test/RTMAPINoteTest.m; sourceTree = "<group>"; };
		92CC0D9A11E53AF8001EA183 /* RTMAPITaskTest.m */ = {isa = PBXFileReference; fileEncoding = 4; lastKnownFileType = sourcecode.c.objc; name = RTMAPITaskTest.m; path = test/RTMAPITaskTest.m; sourceTree = "<group>"; };
		92F3809811E6C4BB0014A873 /* Milpon.xcdatamodel */ = {isa = PBXFileReference; fileEncoding = 4; lastKnownFileType = wrapper.xcdatamodel; path = Milpon.xcdatamodel; sourceTree = "<group>"; };
/* End PBXFileReference section */

/* Begin PBXFrameworksBuildPhase section */
		1D60588F0D05DD3D006BFB54 /* Frameworks */ = {
			isa = PBXFrameworksBuildPhase;
			buildActionMask = 2147483647;
			files = (
				1D60589F0D05DD5A006BFB54 /* Foundation.framework in Frameworks */,
				1DF5F4E00D08C38300B7A737 /* UIKit.framework in Frameworks */,
				2892E4100DC94CBA00A64D0F /* CoreGraphics.framework in Frameworks */,
				28860BE50F44EE6400985440 /* CoreData.framework in Frameworks */,
			);
			runOnlyForDeploymentPostprocessing = 0;
		};
		921801AA11E4C78500EDF3D8 /* Frameworks */ = {
			isa = PBXFrameworksBuildPhase;
			buildActionMask = 2147483647;
			files = (
				921801AB11E4C78500EDF3D8 /* Foundation.framework in Frameworks */,
				921801AC11E4C78500EDF3D8 /* UIKit.framework in Frameworks */,
				921801AD11E4C78500EDF3D8 /* CoreGraphics.framework in Frameworks */,
				921801AE11E4C78500EDF3D8 /* CoreData.framework in Frameworks */,
				921801BC11E4C7E400EDF3D8 /* Security.framework in Frameworks */,
				92CC0C3A11E53199001EA183 /* SystemConfiguration.framework in Frameworks */,
			);
			runOnlyForDeploymentPostprocessing = 0;
		};
		92CC0CD011E53558001EA183 /* Frameworks */ = {
			isa = PBXFrameworksBuildPhase;
			buildActionMask = 2147483647;
			files = (
				92CC0CE311E535B6001EA183 /* CoreData.framework in Frameworks */,
			);
			runOnlyForDeploymentPostprocessing = 0;
		};
/* End PBXFrameworksBuildPhase section */

/* Begin PBXGroup section */
		19C28FACFE9D520D11CA2CBB /* Products */ = {
			isa = PBXGroup;
			children = (
				1D6058910D05DD3D006BFB54 /* Milpon.app */,
				921801B211E4C78500EDF3D8 /* Milpon Beta.app */,
				92CC0CD311E53558001EA183 /* UnitTest.octest */,
			);
			name = Products;
			sourceTree = "<group>";
		};
		29B97314FDCFA39411CA2CEA /* CustomTemplate */ = {
			isa = PBXGroup;
			children = (
				9218018011E4C61000EDF3D8 /* API */,
				92CC0C1811E53129001EA183 /* Model */,
				92CC0C4211E53202001EA183 /* UI */,
				29B97315FDCFA39411CA2CEA /* Other Sources */,
				29B97317FDCFA39411CA2CEA /* Resources */,
				92CC0C3E11E531BE001EA183 /* Test */,
				29B97323FDCFA39411CA2CEA /* Frameworks */,
				19C28FACFE9D520D11CA2CBB /* Products */,
			);
			name = CustomTemplate;
			sourceTree = "<group>";
		};
		29B97315FDCFA39411CA2CEA /* Other Sources */ = {
			isa = PBXGroup;
			children = (
				92CC0D2011E5399E001EA183 /* vendor */,
				9218019711E4C6DE00EDF3D8 /* Milpon.h */,
				9218019811E4C6DE00EDF3D8 /* MPError.h */,
				9218019911E4C6DE00EDF3D8 /* MPHelper.h */,
				9218019A11E4C6DE00EDF3D8 /* MPHelper.m */,
				9218019B11E4C6DE00EDF3D8 /* MPLogger.h */,
				9218019C11E4C6DE00EDF3D8 /* PrivateInfo.h */,
				28A0AAE50D9B0CCF005BE974 /* Milpon_Prefix.pch */,
				29B97316FDCFA39411CA2CEA /* main.m */,
			);
			name = "Other Sources";
			sourceTree = "<group>";
		};
		29B97317FDCFA39411CA2CEA /* Resources */ = {
			isa = PBXGroup;
			children = (
				92CC0D7C11E53A63001EA183 /* Settings.bundle */,
				92CC0D6C11E53A2E001EA183 /* Default.png */,
				92CC0D6A11E53A19001EA183 /* IconSmall.png */,
				92CC0D6711E539E3001EA183 /* Localizable.strings */,
				9218015B11E4C58700EDF3D8 /* Milpon-Info.plist */,
				92CC0CA311E5344B001EA183 /* MilponBetaIconSmall.png */,
				92CC0CD411E53558001EA183 /* UnitTest-Info.plist */,
				921801B511E4C7A100EDF3D8 /* Milpon-Beta.plist */,
				9218015911E4C4FD00EDF3D8 /* MainWindow.xib */,
			);
			name = Resources;
			sourceTree = "<group>";
		};
		29B97323FDCFA39411CA2CEA /* Frameworks */ = {
			isa = PBXGroup;
			children = (
				1DF5F4DF0D08C38300B7A737 /* UIKit.framework */,
				1D30AB110D05D00D00671497 /* Foundation.framework */,
				2892E40F0DC94CBA00A64D0F /* CoreGraphics.framework */,
				28860BE40F44EE6400985440 /* CoreData.framework */,
				921801BB11E4C7E400EDF3D8 /* Security.framework */,
				92CC0C3911E53199001EA183 /* SystemConfiguration.framework */,
			);
			name = Frameworks;
			sourceTree = "<group>";
		};
		9218018011E4C61000EDF3D8 /* API */ = {
			isa = PBXGroup;
			children = (
				921801C111E4C7FA00EDF3D8 /* RTMAPI+Auth.h */,
				921801C211E4C7FA00EDF3D8 /* RTMAPI+Auth.m */,
				921801C311E4C7FA00EDF3D8 /* RTMAPI+List.h */,
				921801C411E4C7FA00EDF3D8 /* RTMAPI+List.m */,
				921801C511E4C7FA00EDF3D8 /* RTMAPI+Location.h */,
				921801C611E4C7FA00EDF3D8 /* RTMAPI+Location.m */,
				921801C711E4C7FA00EDF3D8 /* RTMAPI+Note.h */,
				921801C811E4C7FA00EDF3D8 /* RTMAPI+Note.m */,
				921801C911E4C7FA00EDF3D8 /* RTMAPI+Task.h */,
				921801CA11E4C7FA00EDF3D8 /* RTMAPI+Task.m */,
				921801CB11E4C7FA00EDF3D8 /* RTMAPI+Timeline.h */,
				921801CC11E4C7FA00EDF3D8 /* RTMAPI+Timeline.m */,
				921801CD11E4C7FA00EDF3D8 /* RTMAPIParserDelegate.h */,
				921801CE11E4C7FA00EDF3D8 /* RTMAPIParserDelegate.m */,
				9218018111E4C62F00EDF3D8 /* RTMAPI.h */,
				9218018211E4C62F00EDF3D8 /* RTMAPI.m */,
			);
			name = API;
			sourceTree = "<group>";
		};
		92CC0C1811E53129001EA183 /* Model */ = {
			isa = PBXGroup;
			children = (
				92F3809711E6C4BB0014A873 /* Milpon.xcdatamodeld */,
				92CC0C1D11E53170001EA183 /* MPListMediator.h */,
				92CC0C1E11E53170001EA183 /* MPListMediator.m */,
				92CC0C1F11E53170001EA183 /* MPMediator.h */,
				92CC0C2011E53170001EA183 /* MPMediator.m */,
				92CC0C2111E53170001EA183 /* MPTask.h */,
				92CC0C2211E53170001EA183 /* MPTask.m */,
				92CC0C2311E53170001EA183 /* MPTaskMediator.h */,
				92CC0C2411E53170001EA183 /* MPTaskMediator.m */,
			);
			name = Model;
			sourceTree = "<group>";
		};
		92CC0C3E11E531BE001EA183 /* Test */ = {
			isa = PBXGroup;
			children = (
				92CC0D9711E53ABD001EA183 /* API */,
				92CC0CC811E53534001EA183 /* MPListMediatorTest.m */,
				92CC0CC911E53534001EA183 /* MPListTest.m */,
				92CC0CCA11E53534001EA183 /* MPTaskMediatorTest.m */,
			);
			name = Test;
			sourceTree = "<group>";
		};
		92CC0C4211E53202001EA183 /* UI */ = {
			isa = PBXGroup;
			children = (
				92CC0C5811E5323E001EA183 /* MPAppDelegate.h */,
				92CC0C5911E5323E001EA183 /* MPAppDelegate.m */,
				92CC0C4311E5321B001EA183 /* MPAddTaskView.xib */,
				92CC0C4411E5321B001EA183 /* MPAddTaskViewController.h */,
				92CC0C4511E5321B001EA183 /* MPAddTaskViewController.m */,
				92CC0C4611E5321B001EA183 /* MPListViewController.h */,
				92CC0C4711E5321B001EA183 /* MPListViewController.m */,
				92CC0C4811E5321B001EA183 /* MPTaskListViewController.h */,
				92CC0C4911E5321B001EA183 /* MPTaskListViewController.m */,
				92CC0C4A11E5321B001EA183 /* MPTaskViewController.h */,
				92CC0C4B11E5321B001EA183 /* MPTaskViewController.m */,
			);
			name = UI;
			sourceTree = "<group>";
		};
		92CC0D2011E5399E001EA183 /* vendor */ = {
			isa = PBXGroup;
			children = (
				92CC0D2111E5399E001EA183 /* Reachability.h */,
				92CC0D2211E5399E001EA183 /* Reachability.m */,
				92CC0D2311E5399E001EA183 /* README.txt */,
			);
			path = vendor;
			sourceTree = "<group>";
		};
		92CC0D9711E53ABD001EA183 /* API */ = {
			isa = PBXGroup;
			children = (
				92CC0D9811E53AF8001EA183 /* RTMAPIListTest.m */,
				92CC0D9911E53AF8001EA183 /* RTMAPINoteTest.m */,
				92CC0D9A11E53AF8001EA183 /* RTMAPITaskTest.m */,
			);
			name = API;
			sourceTree = "<group>";
		};
/* End PBXGroup section */

/* Begin PBXNativeTarget section */
		1D6058900D05DD3D006BFB54 /* Milpon */ = {
			isa = PBXNativeTarget;
			buildConfigurationList = 1D6058960D05DD3E006BFB54 /* Build configuration list for PBXNativeTarget "Milpon" */;
			buildPhases = (
				1D60588D0D05DD3D006BFB54 /* Resources */,
				1D60588E0D05DD3D006BFB54 /* Sources */,
				1D60588F0D05DD3D006BFB54 /* Frameworks */,
			);
			buildRules = (
			);
			dependencies = (
			);
			name = Milpon;
			productName = Milpon;
			productReference = 1D6058910D05DD3D006BFB54 /* Milpon.app */;
			productType = "com.apple.product-type.application";
		};
		921801A211E4C78500EDF3D8 /* Milpon Beta */ = {
			isa = PBXNativeTarget;
			buildConfigurationList = 921801AF11E4C78500EDF3D8 /* Build configuration list for PBXNativeTarget "Milpon Beta" */;
			buildPhases = (
				921801A311E4C78500EDF3D8 /* Resources */,
				921801A511E4C78500EDF3D8 /* Sources */,
				921801AA11E4C78500EDF3D8 /* Frameworks */,
			);
			buildRules = (
			);
			dependencies = (
			);
			name = "Milpon Beta";
			productName = Milpon;
			productReference = 921801B211E4C78500EDF3D8 /* Milpon Beta.app */;
			productType = "com.apple.product-type.application";
		};
		92CC0CD211E53558001EA183 /* UnitTest */ = {
			isa = PBXNativeTarget;
			buildConfigurationList = 92CC0CD711E53559001EA183 /* Build configuration list for PBXNativeTarget "UnitTest" */;
			buildPhases = (
				92CC0CCE11E53558001EA183 /* Resources */,
				92CC0CCF11E53558001EA183 /* Sources */,
				92CC0CD011E53558001EA183 /* Frameworks */,
				92CC0CD111E53558001EA183 /* ShellScript */,
			);
			buildRules = (
			);
			dependencies = (
			);
			name = UnitTest;
			productName = UnitTest;
			productReference = 92CC0CD311E53558001EA183 /* UnitTest.octest */;
			productType = "com.apple.product-type.bundle";
		};
/* End PBXNativeTarget section */

/* Begin PBXProject section */
		29B97313FDCFA39411CA2CEA /* Project object */ = {
			isa = PBXProject;
			buildConfigurationList = C01FCF4E08A954540054247B /* Build configuration list for PBXProject "Milpon" */;
			compatibilityVersion = "Xcode 3.1";
			hasScannedForEncodings = 1;
			knownRegions = (
				English,
				Japanese,
				French,
				German,
				en,
			);
			mainGroup = 29B97314FDCFA39411CA2CEA /* CustomTemplate */;
			projectDirPath = "";
			projectRoot = "";
			targets = (
				1D6058900D05DD3D006BFB54 /* Milpon */,
				921801A211E4C78500EDF3D8 /* Milpon Beta */,
				92CC0CD211E53558001EA183 /* UnitTest */,
			);
		};
/* End PBXProject section */

/* Begin PBXResourcesBuildPhase section */
		1D60588D0D05DD3D006BFB54 /* Resources */ = {
			isa = PBXResourcesBuildPhase;
			buildActionMask = 2147483647;
			files = (
				9218015A11E4C4FD00EDF3D8 /* MainWindow.xib in Resources */,
				92CC0C4C11E5321B001EA183 /* MPAddTaskView.xib in Resources */,
				92CC0D6911E539E3001EA183 /* Localizable.strings in Resources */,
				92CC0D6B11E53A19001EA183 /* IconSmall.png in Resources */,
				92CC0D6D11E53A2E001EA183 /* Default.png in Resources */,
				92CC0D7D11E53A63001EA183 /* Settings.bundle in Resources */,
			);
			runOnlyForDeploymentPostprocessing = 0;
		};
		921801A311E4C78500EDF3D8 /* Resources */ = {
			isa = PBXResourcesBuildPhase;
			buildActionMask = 2147483647;
			files = (
				921801A411E4C78500EDF3D8 /* MainWindow.xib in Resources */,
				92CC0C5111E5321B001EA183 /* MPAddTaskView.xib in Resources */,
				92CC0CA411E5344B001EA183 /* MilponBetaIconSmall.png in Resources */,
				92CC0D4011E5399E001EA183 /* README.txt in Resources */,
				92CC0D6811E539E3001EA183 /* Localizable.strings in Resources */,
				92CC0D6E11E53A2E001EA183 /* Default.png in Resources */,
				92CC0D7E11E53A63001EA183 /* Settings.bundle in Resources */,
			);
			runOnlyForDeploymentPostprocessing = 0;
		};
		92CC0CCE11E53558001EA183 /* Resources */ = {
			isa = PBXResourcesBuildPhase;
			buildActionMask = 2147483647;
			files = (
			);
			runOnlyForDeploymentPostprocessing = 0;
		};
/* End PBXResourcesBuildPhase section */

/* Begin PBXShellScriptBuildPhase section */
		92CC0CD111E53558001EA183 /* ShellScript */ = {
			isa = PBXShellScriptBuildPhase;
			buildActionMask = 2147483647;
			files = (
			);
			inputPaths = (
			);
			outputPaths = (
			);
			runOnlyForDeploymentPostprocessing = 0;
			shellPath = /bin/sh;
			shellScript = "# Run the unit tests in this test bundle.\n\"${SYSTEM_DEVELOPER_DIR}/Tools/RunUnitTests\"\n";
		};
/* End PBXShellScriptBuildPhase section */

/* Begin PBXSourcesBuildPhase section */
		1D60588E0D05DD3D006BFB54 /* Sources */ = {
			isa = PBXSourcesBuildPhase;
			buildActionMask = 2147483647;
			files = (
				1D60589B0D05DD56006BFB54 /* main.m in Sources */,
				9218018311E4C62F00EDF3D8 /* RTMAPI.m in Sources */,
				9218019D11E4C6DE00EDF3D8 /* MPHelper.m in Sources */,
				921801CF11E4C7FA00EDF3D8 /* RTMAPI+Auth.m in Sources */,
				921801D011E4C7FA00EDF3D8 /* RTMAPI+List.m in Sources */,
				921801D111E4C7FA00EDF3D8 /* RTMAPI+Location.m in Sources */,
				921801D211E4C7FA00EDF3D8 /* RTMAPI+Note.m in Sources */,
				921801D311E4C7FA00EDF3D8 /* RTMAPI+Task.m in Sources */,
				921801D411E4C7FA00EDF3D8 /* RTMAPI+Timeline.m in Sources */,
				921801D511E4C7FA00EDF3D8 /* RTMAPIParserDelegate.m in Sources */,
				92CC0C2511E53170001EA183 /* MPListMediator.m in Sources */,
				92CC0C2611E53170001EA183 /* MPMediator.m in Sources */,
				92CC0C2711E53170001EA183 /* MPTask.m in Sources */,
				92CC0C2811E53170001EA183 /* MPTaskMediator.m in Sources */,
				92CC0C4D11E5321B001EA183 /* MPAddTaskViewController.m in Sources */,
				92CC0C4E11E5321B001EA183 /* MPListViewController.m in Sources */,
				92CC0C4F11E5321B001EA183 /* MPTaskListViewController.m in Sources */,
				92CC0C5011E5321B001EA183 /* MPTaskViewController.m in Sources */,
				92CC0C5A11E5323E001EA183 /* MPAppDelegate.m in Sources */,
				92F3809B11E6C4BB0014A873 /* Milpon.xcdatamodeld in Sources */,
			);
			runOnlyForDeploymentPostprocessing = 0;
		};
		921801A511E4C78500EDF3D8 /* Sources */ = {
			isa = PBXSourcesBuildPhase;
			buildActionMask = 2147483647;
			files = (
				921801A611E4C78500EDF3D8 /* main.m in Sources */,
				921801A811E4C78500EDF3D8 /* RTMAPI.m in Sources */,
				921801A911E4C78500EDF3D8 /* MPHelper.m in Sources */,
				921801D611E4C7FD00EDF3D8 /* RTMAPI+Location.m in Sources */,
				921801D711E4C7FD00EDF3D8 /* RTMAPI+List.m in Sources */,
				921801D811E4C7FE00EDF3D8 /* RTMAPI+Auth.m in Sources */,
				921801D911E4C80000EDF3D8 /* RTMAPI+Note.m in Sources */,
				921801DA11E4C80000EDF3D8 /* RTMAPI+Task.m in Sources */,
				921801DB11E4C80100EDF3D8 /* RTMAPI+Timeline.m in Sources */,
				921801DC11E4C80200EDF3D8 /* RTMAPIParserDelegate.m in Sources */,
				92CC0C2911E53170001EA183 /* MPListMediator.m in Sources */,
				92CC0C2A11E53170001EA183 /* MPMediator.m in Sources */,
				92CC0C2B11E53170001EA183 /* MPTask.m in Sources */,
				92CC0C2C11E53170001EA183 /* MPTaskMediator.m in Sources */,
				92CC0C5211E5321B001EA183 /* MPAddTaskViewController.m in Sources */,
				92CC0C5311E5321B001EA183 /* MPListViewController.m in Sources */,
				92CC0C5411E5321B001EA183 /* MPTaskListViewController.m in Sources */,
				92CC0C5511E5321B001EA183 /* MPTaskViewController.m in Sources */,
				92CC0C5B11E5323E001EA183 /* MPAppDelegate.m in Sources */,
				92CC0D3F11E5399E001EA183 /* Reachability.m in Sources */,
				92F3809911E6C4BB0014A873 /* Milpon.xcdatamodeld in Sources */,
			);
			runOnlyForDeploymentPostprocessing = 0;
		};
		92CC0CCF11E53558001EA183 /* Sources */ = {
			isa = PBXSourcesBuildPhase;
			buildActionMask = 2147483647;
			files = (
				92CC0CE611E535C6001EA183 /* RTMAPI.m in Sources */,
				92CC0CEA11E535D5001EA183 /* MPListMediator.m in Sources */,
				92CC0CEB11E535D6001EA183 /* MPMediator.m in Sources */,
				92CC0CEE11E535F5001EA183 /* RTMAPI+Auth.m in Sources */,
				92CC0CEF11E535F8001EA183 /* RTMAPI+List.m in Sources */,
				92CC0CF011E535FB001EA183 /* RTMAPI+Timeline.m in Sources */,
				92CC0CF311E53604001EA183 /* RTMAPIParserDelegate.m in Sources */,
				92CC0DA011E53B34001EA183 /* MPHelper.m in Sources */,
				92CC0DB511E53BC3001EA183 /* RTMAPI+Task.m in Sources */,
				92CC0DB611E53BC6001EA183 /* RTMAPI+Note.m in Sources */,
				92F3802E11E6C29A0014A873 /* MPListMediatorTest.m in Sources */,
				92F3809A11E6C4BB0014A873 /* Milpon.xcdatamodeld in Sources */,
			);
			runOnlyForDeploymentPostprocessing = 0;
		};
/* End PBXSourcesBuildPhase section */

/* Begin XCBuildConfiguration section */
		1D6058940D05DD3E006BFB54 /* Debug */ = {
			isa = XCBuildConfiguration;
			buildSettings = {
				ALWAYS_SEARCH_USER_PATHS = NO;
				COPY_PHASE_STRIP = NO;
				GCC_DYNAMIC_NO_PIC = NO;
				GCC_OPTIMIZATION_LEVEL = 0;
				GCC_PRECOMPILE_PREFIX_HEADER = YES;
				GCC_PREFIX_HEADER = others/Milpon_Prefix.pch;
				GCC_VERSION = com.apple.compilers.llvm.clang.1_0;
				INFOPLIST_FILE = "others/Milpon-Info.plist";
				IPHONEOS_DEPLOYMENT_TARGET = 3.0;
				PRODUCT_NAME = Milpon;
			};
			name = Debug;
		};
		1D6058950D05DD3E006BFB54 /* Release */ = {
			isa = XCBuildConfiguration;
			buildSettings = {
				ALWAYS_SEARCH_USER_PATHS = NO;
				COPY_PHASE_STRIP = YES;
				GCC_PRECOMPILE_PREFIX_HEADER = YES;
				GCC_PREFIX_HEADER = Milpon_Prefix.pch;
				INFOPLIST_FILE = "Milpon-Info.plist";
				PRODUCT_NAME = Milpon;
				VALIDATE_PRODUCT = YES;
			};
			name = Release;
		};
		921801B011E4C78500EDF3D8 /* Debug */ = {
			isa = XCBuildConfiguration;
			buildSettings = {
				ALWAYS_SEARCH_USER_PATHS = NO;
				COPY_PHASE_STRIP = NO;
				GCC_DYNAMIC_NO_PIC = NO;
				GCC_OPTIMIZATION_LEVEL = 0;
				GCC_PRECOMPILE_PREFIX_HEADER = YES;
				GCC_PREFIX_HEADER = others/Milpon_Prefix.pch;
				GCC_VERSION = com.apple.compilers.llvm.clang.1_0;
				INFOPLIST_FILE = "others/Milpon-Beta.plist";
				IPHONEOS_DEPLOYMENT_TARGET = 3.0;
				PRODUCT_NAME = "Milpon Beta";
			};
			name = Debug;
		};
		921801B111E4C78500EDF3D8 /* Release */ = {
			isa = XCBuildConfiguration;
			buildSettings = {
				ALWAYS_SEARCH_USER_PATHS = NO;
				COPY_PHASE_STRIP = YES;
				GCC_PRECOMPILE_PREFIX_HEADER = YES;
				GCC_PREFIX_HEADER = Milpon_Prefix.pch;
				INFOPLIST_FILE = "others/Milpon-Info copy.plist";
				PRODUCT_NAME = Milpon;
				VALIDATE_PRODUCT = YES;
			};
			name = Release;
		};
		92CC0CD511E53559001EA183 /* Debug */ = {
			isa = XCBuildConfiguration;
			buildSettings = {
				ALWAYS_SEARCH_USER_PATHS = NO;
				"CODE_SIGN_IDENTITY[sdk=iphoneos*]" = "";
				COPY_PHASE_STRIP = NO;
				FRAMEWORK_SEARCH_PATHS = (
					"\"$(SDKROOT)/Developer/Library/Frameworks\"",
					"\"$(DEVELOPER_LIBRARY_DIR)/Frameworks\"",
				);
				GCC_DYNAMIC_NO_PIC = NO;
				GCC_ENABLE_FIX_AND_CONTINUE = NO;
				GCC_ENABLE_OBJC_EXCEPTIONS = YES;
				GCC_OPTIMIZATION_LEVEL = 0;
				INFOPLIST_FILE = "UnitTest-Info.plist";
				OTHER_LDFLAGS = (
					"-framework",
					Foundation,
					"-framework",
					SenTestingKit,
					"-framework",
					UIKit,
				);
				PREBINDING = NO;
				PRODUCT_NAME = UnitTest;
				WRAPPER_EXTENSION = octest;
			};
			name = Debug;
		};
		92CC0CD611E53559001EA183 /* Release */ = {
			isa = XCBuildConfiguration;
			buildSettings = {
				ALWAYS_SEARCH_USER_PATHS = NO;
				"CODE_SIGN_IDENTITY[sdk=iphoneos*]" = "";
				COPY_PHASE_STRIP = YES;
				DEBUG_INFORMATION_FORMAT = "dwarf-with-dsym";
				FRAMEWORK_SEARCH_PATHS = (
					"\"$(SDKROOT)/Developer/Library/Frameworks\"",
					"\"$(DEVELOPER_LIBRARY_DIR)/Frameworks\"",
				);
				GCC_ENABLE_FIX_AND_CONTINUE = NO;
				GCC_ENABLE_OBJC_EXCEPTIONS = YES;
				INFOPLIST_FILE = "UnitTest-Info.plist";
				OTHER_LDFLAGS = (
					"-framework",
					Foundation,
					"-framework",
					SenTestingKit,
					"-framework",
					UIKit,
				);
				PREBINDING = NO;
				PRODUCT_NAME = UnitTest;
				WRAPPER_EXTENSION = octest;
				ZERO_LINK = NO;
			};
			name = Release;
		};
		92CC0CD811E53562001EA183 /* UnitTest */ = {
			isa = XCBuildConfiguration;
			buildSettings = {
				ARCHS = "$(ARCHS_STANDARD_32_BIT)";
				"CODE_SIGN_IDENTITY[sdk=iphoneos*]" = "Don't Code Sign";
				GCC_C_LANGUAGE_STANDARD = c99;
				GCC_PREPROCESSOR_DEFINITIONS = "DEBUG=1";
				GCC_VERSION = com.apple.compilers.llvm.clang.1_0;
				GCC_WARN_ABOUT_RETURN_TYPE = YES;
				GCC_WARN_UNUSED_VARIABLE = YES;
				IPHONEOS_DEPLOYMENT_TARGET = 3.0;
				PREBINDING = NO;
				SDKROOT = iphonesimulator4.0;
			};
			name = UnitTest;
		};
		92CC0CD911E53562001EA183 /* UnitTest */ = {
			isa = XCBuildConfiguration;
			buildSettings = {
				ALWAYS_SEARCH_USER_PATHS = NO;
				COPY_PHASE_STRIP = NO;
				GCC_DYNAMIC_NO_PIC = NO;
				GCC_OPTIMIZATION_LEVEL = 0;
				GCC_PRECOMPILE_PREFIX_HEADER = YES;
				GCC_PREFIX_HEADER = others/Milpon_Prefix.pch;
				GCC_VERSION = com.apple.compilers.llvm.clang.1_0;
				INFOPLIST_FILE = "others/Milpon-Info.plist";
				IPHONEOS_DEPLOYMENT_TARGET = 3.0;
				PRODUCT_NAME = Milpon;
			};
			name = UnitTest;
		};
		92CC0CDA11E53562001EA183 /* UnitTest */ = {
			isa = XCBuildConfiguration;
			buildSettings = {
				ALWAYS_SEARCH_USER_PATHS = NO;
				COPY_PHASE_STRIP = NO;
				GCC_DYNAMIC_NO_PIC = NO;
				GCC_OPTIMIZATION_LEVEL = 0;
				GCC_PRECOMPILE_PREFIX_HEADER = YES;
				GCC_PREFIX_HEADER = others/Milpon_Prefix.pch;
				GCC_VERSION = com.apple.compilers.llvm.clang.1_0;
				INFOPLIST_FILE = "others/Milpon-Beta.plist";
				IPHONEOS_DEPLOYMENT_TARGET = 3.0;
				PRODUCT_NAME = "Milpon Beta";
			};
			name = UnitTest;
		};
		92CC0CDB11E53562001EA183 /* UnitTest */ = {
			isa = XCBuildConfiguration;
			buildSettings = {
				ALWAYS_SEARCH_USER_PATHS = NO;
				"CODE_SIGN_IDENTITY[sdk=iphoneos*]" = "";
				COPY_PHASE_STRIP = NO;
				FRAMEWORK_SEARCH_PATHS = (
					"\"$(SDKROOT)/Developer/Library/Frameworks\"",
					"\"$(DEVELOPER_LIBRARY_DIR)/Frameworks\"",
				);
				GCC_DYNAMIC_NO_PIC = NO;
				GCC_ENABLE_FIX_AND_CONTINUE = NO;
				GCC_ENABLE_OBJC_EXCEPTIONS = YES;
				GCC_OPTIMIZATION_LEVEL = 0;
				INFOPLIST_FILE = "others/UnitTest-Info.plist";
				OTHER_LDFLAGS = (
					"-framework",
					Foundation,
					"-framework",
					SenTestingKit,
					"-framework",
					UIKit,
				);
				PREBINDING = NO;
				PRODUCT_NAME = UnitTest;
				WRAPPER_EXTENSION = octest;
			};
			name = UnitTest;
		};
		C01FCF4F08A954540054247B /* Debug */ = {
			isa = XCBuildConfiguration;
			buildSettings = {
				ARCHS = "$(ARCHS_STANDARD_32_BIT)";
				"CODE_SIGN_IDENTITY[sdk=iphoneos*]" = "iPhone Developer";
				GCC_C_LANGUAGE_STANDARD = c99;
				GCC_PREPROCESSOR_DEFINITIONS = "DEBUG=1";
				GCC_VERSION = com.apple.compilers.llvm.clang.1_0;
				GCC_WARN_ABOUT_RETURN_TYPE = YES;
				GCC_WARN_UNUSED_VARIABLE = YES;
				IPHONEOS_DEPLOYMENT_TARGET = 3.0;
				PREBINDING = NO;
				SDKROOT = iphoneos4.0;
			};
			name = Debug;
		};
		C01FCF5008A954540054247B /* Release */ = {
			isa = XCBuildConfiguration;
			buildSettings = {
				ARCHS = "$(ARCHS_STANDARD_32_BIT)";
				"CODE_SIGN_IDENTITY[sdk=iphoneos*]" = "iPhone Developer";
				GCC_C_LANGUAGE_STANDARD = c99;
				GCC_WARN_ABOUT_RETURN_TYPE = YES;
				GCC_WARN_UNUSED_VARIABLE = YES;
				OTHER_CFLAGS = "-DNS_BLOCK_ASSERTIONS=1";
				PREBINDING = NO;
				SDKROOT = iphoneos4.0;
			};
			name = Release;
		};
/* End XCBuildConfiguration section */

/* Begin XCConfigurationList section */
		1D6058960D05DD3E006BFB54 /* Build configuration list for PBXNativeTarget "Milpon" */ = {
			isa = XCConfigurationList;
			buildConfigurations = (
				1D6058940D05DD3E006BFB54 /* Debug */,
				92CC0CD911E53562001EA183 /* UnitTest */,
				1D6058950D05DD3E006BFB54 /* Release */,
			);
			defaultConfigurationIsVisible = 0;
			defaultConfigurationName = Release;
		};
		921801AF11E4C78500EDF3D8 /* Build configuration list for PBXNativeTarget "Milpon Beta" */ = {
			isa = XCConfigurationList;
			buildConfigurations = (
				921801B011E4C78500EDF3D8 /* Debug */,
				92CC0CDA11E53562001EA183 /* UnitTest */,
				921801B111E4C78500EDF3D8 /* Release */,
			);
			defaultConfigurationIsVisible = 0;
			defaultConfigurationName = Release;
		};
		92CC0CD711E53559001EA183 /* Build configuration list for PBXNativeTarget "UnitTest" */ = {
			isa = XCConfigurationList;
			buildConfigurations = (
				92CC0CD511E53559001EA183 /* Debug */,
				92CC0CDB11E53562001EA183 /* UnitTest */,
				92CC0CD611E53559001EA183 /* Release */,
			);
			defaultConfigurationIsVisible = 0;
			defaultConfigurationName = Release;
		};
		C01FCF4E08A954540054247B /* Build configuration list for PBXProject "Milpon" */ = {
			isa = XCConfigurationList;
			buildConfigurations = (
				C01FCF4F08A954540054247B /* Debug */,
				92CC0CD811E53562001EA183 /* UnitTest */,
				C01FCF5008A954540054247B /* Release */,
			);
			defaultConfigurationIsVisible = 0;
			defaultConfigurationName = Release;
		};
/* End XCConfigurationList section */

/* Begin XCVersionGroup section */
		92F3809711E6C4BB0014A873 /* Milpon.xcdatamodeld */ = {
			isa = XCVersionGroup;
			children = (
				92F3809811E6C4BB0014A873 /* Milpon.xcdatamodel */,
			);
			currentVersion = 92F3809811E6C4BB0014A873 /* Milpon.xcdatamodel */;
			name = Milpon.xcdatamodeld;
			path = model/Milpon.xcdatamodeld;
			sourceTree = "<group>";
			versionGroupType = wrapper.xcdatamodel;
		};
/* End XCVersionGroup section */
	};
	rootObject = 29B97313FDCFA39411CA2CEA /* Project object */;
}
